
Microsoft Visual Studio Solution File, Format Version 12.00
# Visual Studio Version 16
VisualStudioVersion = 16.0.29709.97
MinimumVisualStudioVersion = 10.0.40219.1
Project("{FAE04EC0-301F-11D3-BF4B-00C04F79EFBC}") = "factor", "factor\factor.csproj", "{2A60234C-0D2A-40A9-9054-E31CD53F8958}"
EndProject
Global
	GlobalSection(SolutionConfigurationPlatforms) = preSolution
		Debug|Any CPU = Debug|Any CPU
		Release|Any CPU = Release|Any CPU
	EndGlobalSection
	GlobalSection(ProjectConfigurationPlatforms) = postSolution
		{2A60234C-0D2A-40A9-9054-E31CD53F8958}.Debug|Any CPU.ActiveCfg = Debug|Any CPU
		{2A60234C-0D2A-40A9-9054-E31CD53F8958}.Debug|Any CPU.Build.0 = Debug|Any CPU
		{2A60234C-0D2A-40A9-9054-E31CD53F8958}.Release|Any CPU.ActiveCfg = Release|Any CPU
		{2A60234C-0D2A-40A9-9054-E31CD53F8958}.Release|Any CPU.Build.0 = Release|Any CPU
	EndGlobalSection
	GlobalSection(SolutionProperties) = preSolution
		HideSolutionNode = FALSE
	EndGlobalSection
	GlobalSection(ExtensibilityGlobals) = postSolution
		SolutionGuid = {57FC3323-6269-4B79-AF81-39B55EE213C3}
	EndGlobalSection
EndGlobal
